
Microsoft Visual Studio Solution File, Format Version 12.00
# Visual Studio Version 16
VisualStudioVersion = 16.0.31702.278
MinimumVisualStudioVersion = 10.0.40219.1
Project("{FAE04EC0-301F-11D3-BF4B-00C04F79EFBC}") = "LoopsAndRandomNumbers", "LoopsAndRandomNumbers\LoopsAndRandomNumbers.csproj", "{0C866DEA-975A-4490-B80C-28EBEBA0CAF4}"
EndProject
Project("{FAE04EC0-301F-11D3-BF4B-00C04F79EFBC}") = "PINInfiniteLoop", "PINInfiniteLoop\PINInfiniteLoop.csproj", "{052C7D47-2E0A-4F70-B9C1-BB3EAC49DDEA}"
EndProject
Project("{FAE04EC0-301F-11D3-BF4B-00C04F79EFBC}") = "RandomNumber", "RandomNumber\RandomNumber.csproj", "{D3F0079D-1982-44C2-93C6-01D9168AEEAE}"
EndProject
Project("{FAE04EC0-301F-11D3-BF4B-00C04F79EFBC}") = "GuessingGameInfinite", "GuessingGameInfinite\GuessingGameInfinite.csproj", "{7618202A-CBDE-4444-AF7F-A4DA17B8C5F3}"
EndProject
Project("{FAE04EC0-301F-11D3-BF4B-00C04F79EFBC}") = "GuessingGameThreeTimes", "GuessingGameThreeTimes\GuessingGameThreeTimes.csproj", "{FA6E9905-D56F-4E21-B68A-9DEDB4DB9D29}"
EndProject
Global
	GlobalSection(SolutionConfigurationPlatforms) = preSolution
		Debug|Any CPU = Debug|Any CPU
		Release|Any CPU = Release|Any CPU
	EndGlobalSection
	GlobalSection(ProjectConfigurationPlatforms) = postSolution
		{0C866DEA-975A-4490-B80C-28EBEBA0CAF4}.Debug|Any CPU.ActiveCfg = Debug|Any CPU
		{0C866DEA-975A-4490-B80C-28EBEBA0CAF4}.Debug|Any CPU.Build.0 = Debug|Any CPU
		{0C866DEA-975A-4490-B80C-28EBEBA0CAF4}.Release|Any CPU.ActiveCfg = Release|Any CPU
		{0C866DEA-975A-4490-B80C-28EBEBA0CAF4}.Release|Any CPU.Build.0 = Release|Any CPU
		{052C7D47-2E0A-4F70-B9C1-BB3EAC49DDEA}.Debug|Any CPU.ActiveCfg = Debug|Any CPU
		{052C7D47-2E0A-4F70-B9C1-BB3EAC49DDEA}.Debug|Any CPU.Build.0 = Debug|Any CPU
		{052C7D47-2E0A-4F70-B9C1-BB3EAC49DDEA}.Release|Any CPU.ActiveCfg = Release|Any CPU
		{052C7D47-2E0A-4F70-B9C1-BB3EAC49DDEA}.Release|Any CPU.Build.0 = Release|Any CPU
		{D3F0079D-1982-44C2-93C6-01D9168AEEAE}.Debug|Any CPU.ActiveCfg = Debug|Any CPU
		{D3F0079D-1982-44C2-93C6-01D9168AEEAE}.Debug|Any CPU.Build.0 = Debug|Any CPU
		{D3F0079D-1982-44C2-93C6-01D9168AEEAE}.Release|Any CPU.ActiveCfg = Release|Any CPU
		{D3F0079D-1982-44C2-93C6-01D9168AEEAE}.Release|Any CPU.Build.0 = Release|Any CPU
		{7618202A-CBDE-4444-AF7F-A4DA17B8C5F3}.Debug|Any CPU.ActiveCfg = Debug|Any CPU
		{7618202A-CBDE-4444-AF7F-A4DA17B8C5F3}.Debug|Any CPU.Build.0 = Debug|Any CPU
		{7618202A-CBDE-4444-AF7F-A4DA17B8C5F3}.Release|Any CPU.ActiveCfg = Release|Any CPU
		{7618202A-CBDE-4444-AF7F-A4DA17B8C5F3}.Release|Any CPU.Build.0 = Release|Any CPU
		{FA6E9905-D56F-4E21-B68A-9DEDB4DB9D29}.Debug|Any CPU.ActiveCfg = Debug|Any CPU
		{FA6E9905-D56F-4E21-B68A-9DEDB4DB9D29}.Debug|Any CPU.Build.0 = Debug|Any CPU
		{FA6E9905-D56F-4E21-B68A-9DEDB4DB9D29}.Release|Any CPU.ActiveCfg = Release|Any CPU
		{FA6E9905-D56F-4E21-B68A-9DEDB4DB9D29}.Release|Any CPU.Build.0 = Release|Any CPU
	EndGlobalSection
	GlobalSection(SolutionProperties) = preSolution
		HideSolutionNode = FALSE
	EndGlobalSection
	GlobalSection(ExtensibilityGlobals) = postSolution
		SolutionGuid = {2C65E8B6-4D52-4D19-B86E-CE7165A34123}
	EndGlobalSection
EndGlobal
